
Microsoft Visual Studio Solution File, Format Version 12.00
# Visual Studio Version 17
VisualStudioVersion = 17.8.34316.72
MinimumVisualStudioVersion = 10.0.40219.1
Project("{FAE04EC0-301F-11D3-BF4B-00C04F79EFBC}") = "MvvmGuia.Android", "MvvmGuia\MvvmGuia.Android\MvvmGuia.Android.csproj", "{03CC8C3F-6F4C-44C7-9A14-8ECBD5AAAD2F}"
EndProject
Project("{FAE04EC0-301F-11D3-BF4B-00C04F79EFBC}") = "MvvmGuia.iOS", "MvvmGuia\MvvmGuia.iOS\MvvmGuia.iOS.csproj", "{E1D31D9A-10F5-4E0A-AED5-6BBC5D040973}"
EndProject
Project("{FAE04EC0-301F-11D3-BF4B-00C04F79EFBC}") = "MvvmGuia", "MvvmGuia\MvvmGuia\MvvmGuia.csproj", "{3381ED62-08EC-4D04-8B8F-6205F041BCD6}"
EndProject
Global
	GlobalSection(SolutionConfigurationPlatforms) = preSolution
		Debug|Any CPU = Debug|Any CPU
		Debug|iPhone = Debug|iPhone
		Debug|iPhoneSimulator = Debug|iPhoneSimulator
		Release|Any CPU = Release|Any CPU
		Release|iPhone = Release|iPhone
		Release|iPhoneSimulator = Release|iPhoneSimulator
	EndGlobalSection
	GlobalSection(ProjectConfigurationPlatforms) = postSolution
		{03CC8C3F-6F4C-44C7-9A14-8ECBD5AAAD2F}.Debug|Any CPU.ActiveCfg = Debug|Any CPU
		{03CC8C3F-6F4C-44C7-9A14-8ECBD5AAAD2F}.Debug|Any CPU.Build.0 = Debug|Any CPU
		{03CC8C3F-6F4C-44C7-9A14-8ECBD5AAAD2F}.Debug|Any CPU.Deploy.0 = Debug|Any CPU
		{03CC8C3F-6F4C-44C7-9A14-8ECBD5AAAD2F}.Debug|iPhone.ActiveCfg = Debug|Any CPU
		{03CC8C3F-6F4C-44C7-9A14-8ECBD5AAAD2F}.Debug|iPhone.Build.0 = Debug|Any CPU
		{03CC8C3F-6F4C-44C7-9A14-8ECBD5AAAD2F}.Debug|iPhone.Deploy.0 = Debug|Any CPU
		{03CC8C3F-6F4C-44C7-9A14-8ECBD5AAAD2F}.Debug|iPhoneSimulator.ActiveCfg = Debug|Any CPU
		{03CC8C3F-6F4C-44C7-9A14-8ECBD5AAAD2F}.Debug|iPhoneSimulator.Build.0 = Debug|Any CPU
		{03CC8C3F-6F4C-44C7-9A14-8ECBD5AAAD2F}.Debug|iPhoneSimulator.Deploy.0 = Debug|Any CPU
		{03CC8C3F-6F4C-44C7-9A14-8ECBD5AAAD2F}.Release|Any CPU.ActiveCfg = Release|Any CPU
		{03CC8C3F-6F4C-44C7-9A14-8ECBD5AAAD2F}.Release|Any CPU.Build.0 = Release|Any CPU
		{03CC8C3F-6F4C-44C7-9A14-8ECBD5AAAD2F}.Release|Any CPU.Deploy.0 = Release|Any CPU
		{03CC8C3F-6F4C-44C7-9A14-8ECBD5AAAD2F}.Release|iPhone.ActiveCfg = Release|Any CPU
		{03CC8C3F-6F4C-44C7-9A14-8ECBD5AAAD2F}.Release|iPhone.Build.0 = Release|Any CPU
		{03CC8C3F-6F4C-44C7-9A14-8ECBD5AAAD2F}.Release|iPhone.Deploy.0 = Release|Any CPU
		{03CC8C3F-6F4C-44C7-9A14-8ECBD5AAAD2F}.Release|iPhoneSimulator.ActiveCfg = Release|Any CPU
		{03CC8C3F-6F4C-44C7-9A14-8ECBD5AAAD2F}.Release|iPhoneSimulator.Build.0 = Release|Any CPU
		{03CC8C3F-6F4C-44C7-9A14-8ECBD5AAAD2F}.Release|iPhoneSimulator.Deploy.0 = Release|Any CPU
		{E1D31D9A-10F5-4E0A-AED5-6BBC5D040973}.Debug|Any CPU.ActiveCfg = Debug|iPhone
		{E1D31D9A-10F5-4E0A-AED5-6BBC5D040973}.Debug|Any CPU.Build.0 = Debug|iPhone
		{E1D31D9A-10F5-4E0A-AED5-6BBC5D040973}.Debug|Any CPU.Deploy.0 = Debug|iPhone
		{E1D31D9A-10F5-4E0A-AED5-6BBC5D040973}.Debug|iPhone.ActiveCfg = Debug|iPhone
		{E1D31D9A-10F5-4E0A-AED5-6BBC5D040973}.Debug|iPhone.Build.0 = Debug|iPhone
		{E1D31D9A-10F5-4E0A-AED5-6BBC5D040973}.Debug|iPhone.Deploy.0 = Debug|iPhone
		{E1D31D9A-10F5-4E0A-AED5-6BBC5D040973}.Debug|iPhoneSimulator.ActiveCfg = Debug|iPhoneSimulator
		{E1D31D9A-10F5-4E0A-AED5-6BBC5D040973}.Debug|iPhoneSimulator.Build.0 = Debug|iPhoneSimulator
		{E1D31D9A-10F5-4E0A-AED5-6BBC5D040973}.Debug|iPhoneSimulator.Deploy.0 = Debug|iPhoneSimulator
		{E1D31D9A-10F5-4E0A-AED5-6BBC5D040973}.Release|Any CPU.ActiveCfg = Release|iPhoneSimulator
		{E1D31D9A-10F5-4E0A-AED5-6BBC5D040973}.Release|Any CPU.Build.0 = Release|iPhoneSimulator
		{E1D31D9A-10F5-4E0A-AED5-6BBC5D040973}.Release|Any CPU.Deploy.0 = Release|iPhoneSimulator
		{E1D31D9A-10F5-4E0A-AED5-6BBC5D040973}.Release|iPhone.ActiveCfg = Release|iPhone
		{E1D31D9A-10F5-4E0A-AED5-6BBC5D040973}.Release|iPhone.Build.0 = Release|iPhone
		{E1D31D9A-10F5-4E0A-AED5-6BBC5D040973}.Release|iPhone.Deploy.0 = Release|iPhone
		{E1D31D9A-10F5-4E0A-AED5-6BBC5D040973}.Release|iPhoneSimulator.ActiveCfg = Release|iPhoneSimulator
		{E1D31D9A-10F5-4E0A-AED5-6BBC5D040973}.Release|iPhoneSimulator.Build.0 = Release|iPhoneSimulator
		{E1D31D9A-10F5-4E0A-AED5-6BBC5D040973}.Release|iPhoneSimulator.Deploy.0 = Release|iPhoneSimulator
		{3381ED62-08EC-4D04-8B8F-6205F041BCD6}.Debug|Any CPU.ActiveCfg = Debug|Any CPU
		{3381ED62-08EC-4D04-8B8F-6205F041BCD6}.Debug|Any CPU.Build.0 = Debug|Any CPU
		{3381ED62-08EC-4D04-8B8F-6205F041BCD6}.Debug|Any CPU.Deploy.0 = Debug|Any CPU
		{3381ED62-08EC-4D04-8B8F-6205F041BCD6}.Debug|iPhone.ActiveCfg = Debug|Any CPU
		{3381ED62-08EC-4D04-8B8F-6205F041BCD6}.Debug|iPhone.Build.0 = Debug|Any CPU
		{3381ED62-08EC-4D04-8B8F-6205F041BCD6}.Debug|iPhone.Deploy.0 = Debug|Any CPU
		{3381ED62-08EC-4D04-8B8F-6205F041BCD6}.Debug|iPhoneSimulator.ActiveCfg = Debug|Any CPU
		{3381ED62-08EC-4D04-8B8F-6205F041BCD6}.Debug|iPhoneSimulator.Build.0 = Debug|Any CPU
		{3381ED62-08EC-4D04-8B8F-6205F041BCD6}.Debug|iPhoneSimulator.Deploy.0 = Debug|Any CPU
		{3381ED62-08EC-4D04-8B8F-6205F041BCD6}.Release|Any CPU.ActiveCfg = Release|Any CPU
		{3381ED62-08EC-4D04-8B8F-6205F041BCD6}.Release|Any CPU.Build.0 = Release|Any CPU
		{3381ED62-08EC-4D04-8B8F-6205F041BCD6}.Release|Any CPU.Deploy.0 = Release|Any CPU
		{3381ED62-08EC-4D04-8B8F-6205F041BCD6}.Release|iPhone.ActiveCfg = Release|Any CPU
		{3381ED62-08EC-4D04-8B8F-6205F041BCD6}.Release|iPhone.Build.0 = Release|Any CPU
		{3381ED62-08EC-4D04-8B8F-6205F041BCD6}.Release|iPhone.Deploy.0 = Release|Any CPU
		{3381ED62-08EC-4D04-8B8F-6205F041BCD6}.Release|iPhoneSimulator.ActiveCfg = Release|Any CPU
		{3381ED62-08EC-4D04-8B8F-6205F041BCD6}.Release|iPhoneSimulator.Build.0 = Release|Any CPU
		{3381ED62-08EC-4D04-8B8F-6205F041BCD6}.Release|iPhoneSimulator.Deploy.0 = Release|Any CPU
	EndGlobalSection
	GlobalSection(SolutionProperties) = preSolution
		HideSolutionNode = FALSE
	EndGlobalSection
	GlobalSection(ExtensibilityGlobals) = postSolution
		SolutionGuid = {FF702B0C-F9BC-4880-9B07-24577AB0B996}
	EndGlobalSection
EndGlobal
